hash: dfcc59391dc9dd51eba7d8db21e29f44b3540f829170c517e42d60fa261f8f9d
updated: 2018-01-15T10:26:02.076509+01:00
imports:
- name: github.com/agl/ed25519
  version: 278e1ec8e8a6e017cd07577924d6766039146ced
  repo: https://github.com/agl/ed25519
  subpackages:
  - edwards25519
- name: github.com/asaskevich/govalidator
  version: f0666aa80d7dcf75bd564ae8717b952d74a29d6a
  repo: https://github.com/stellar/govalidator.git
- name: github.com/bitcoin/bitcoin
  version: 7b57bc998f334775b50ebc8ca5e78ca728db4c58
- name: github.com/btcsuite/btcd
  version: 2e60448ffcc6bf78332d1fe590260095f554dd78
  subpackages:
  - btcec
  - btcjson
  - chaincfg
  - chaincfg/chainhash
  - rpcclient
  - txscript
  - wire
- name: github.com/btcsuite/btclog
  version: 84c8d2346e9fc8c7b947e243b9c24e6df9fd206a
- name: github.com/btcsuite/btcutil
  version: 501929d3d046174c3d39f0ea54ece471aa17238c
  subpackages:
  - base58
  - bech32
- name: github.com/btcsuite/go-socks
  version: 4720035b7bfd2a9bb130b1c184f8bbe41b6f0d0f
  subpackages:
  - socks
- name: github.com/btcsuite/websocket
  version: 31079b6807923eb23992c421b114992b95131b55
- name: github.com/BurntSushi/toml
  version: 99064174e013895bbd9b025c31100bd1d9b590ca
  repo: https://github.com/BurntSushi/toml
- name: github.com/davecgh/go-spew
  version: 5215b55f46b2b919f50a1df0eaa5886afe4e3b3d
  repo: https://github.com/davecgh/go-spew
  subpackages:
  - spew
- name: github.com/ethereum/go-ethereum
  version: 4bb3c89d44e372e6a9ab85a8be0c9345265c763a
  subpackages:
  - common
  - common/hexutil
  - common/math
  - core/types
  - crypto
  - crypto/secp256k1
  - crypto/sha3
  - ethclient
  - log
  - params
  - rlp
  - rpc
  - trie
- name: github.com/facebookgo/inject
  version: cc1aa653e50f6a9893bcaef89e673e5b24e1e97b
- name: github.com/facebookgo/structtag
  version: 217e25fb96916cc60332e399c9aa63f5c422ceed
- name: github.com/FactomProject/basen
  version: fe3947df716ebfda9847eb1b9a48f9592e06478c
- name: github.com/FactomProject/btcutilecc
  version: d3a63a5752ecf3fbc06bd97365da752111c263df
- name: github.com/getsentry/raven-go
  version: c9d3cc542ad199f62c0264286be537f9bce6063c
  repo: https://github.com/getsentry/raven-go
- name: github.com/go-chi/chi
  version: e83ac2304db3c50cf03d96a2fcd39009d458bc35
  subpackages:
  - middleware
- name: github.com/go-errors/errors
  version: a41850380601eeb43f4350f7d17c6bbd8944aaf8
  repo: https://github.com/go-errors/errors
- name: github.com/go-sql-driver/mysql
  version: 2e00b5cd70399450106cec6431c2e2ce3cae5034
  repo: https://github.com/go-sql-driver/mysql
- name: github.com/go-stack/stack
  version: 259ab82a6cad3992b4e21ff5cac294ccb06474bc
- name: github.com/haltingstate/secp256k1-go
  version: 572209b26df66a638573023571b5ce80983214eb
  subpackages:
  - secp256k1-go2
- name: github.com/inconshreveable/mousetrap
  version: 76626ae9c91c4f2a10f34cad8ce83ea42c93bb75
- name: github.com/jmoiron/sqlx
  version: 05b81a7d5d38058e42148dc01f17daf4acba4640
  subpackages:
  - reflectx
- name: github.com/lann/builder
  version: c603884a2c1fcf331c71940f3227a8111d29f3ba
  repo: https://github.com/lann/builder
- name: github.com/lib/pq
  version: 50761b0867bd1d9d069276790bcd4a3bccf2324a
  subpackages:
  - oid
- name: github.com/manucorporat/sse
  version: ee05b128a739a0fb76c7ebd3ae4810c1de808d6d
  repo: https://github.com/manucorporat/sse
- name: github.com/Masterminds/squirrel
  version: a6b93000bd219143c56c16e6cb1c4b91da3f224b
- name: github.com/mattn/go-sqlite3
  version: efea85cb9a06f1d4f661649f6beb5fd04597a366
  repo: https://github.com/mattn/go-sqlite3
- name: github.com/mndrix/ps
  version: 33ddf69629c1bcea76b04f4a4e9e00e4cce82eb6
  repo: https://github.com/mndrix/ps
- name: github.com/nullstyle/go-xdr
  version: a875e7c9fa2388ce03279f6b5ba1c2ccd1f9e917
  repo: https://github.com/nullstyle/go-xdr
  subpackages:
  - xdr3
- name: github.com/pkg/errors
  version: 645ef00459ed84a119197bfb8d8205042c6df63d
  repo: https://github.com/pkg/errors
- name: github.com/pmezard/go-difflib
  version: 792786c7400a136282c1664665ae0a8db921c6c2
  repo: https://github.com/pmezard/go-difflib
  subpackages:
  - difflib
- name: github.com/r3labs/sse
  version: ab73c814bbdece537f16e92302cd99d1618d0e0d
- name: github.com/rcrowley/go-metrics
  version: a5cfc242a56ba7fa70b785f678d6214837bf93b9
  repo: https://github.com/rcrowley/go-metrics
- name: github.com/rs/cors
  version: a62a804a8a009876ca59105f7899938a1349f4b3
  repo: https://github.com/rs/cors
- name: github.com/rs/xhandler
  version: 1eb70cf1520d43c307a89c5dabb7a7efd132fccd
- name: github.com/rubenv/sql-migrate
  version: 53184e1edfb4f9655b0fa8dd2c23e7763f452bda
  subpackages:
  - sqlparse
- name: github.com/segmentio/go-loggly
  version: eb91657e62b25699dd4e84d5562735440d4beace
  repo: https://github.com/segmentio/go-loggly
- name: github.com/sirupsen/logrus
  version: d682213848ed68c0a260ca37d6dd5ace8423f5ba
  subpackages:
  - hooks/test
- name: github.com/spf13/cobra
  version: b95ab734e27d33e0d8fbabf71ca990568d4e2020
- name: github.com/spf13/pflag
  version: 4c012f6dcd9546820e378d0bdda4d8fc772cdfea
- name: github.com/stellar/go
  version: a6a5de1d71f8246c7cdd4fdafedf4e3135662149
  subpackages:
  - amount
  - build
  - clients/horizon
  - crc16
  - hash
  - keypair
  - network
  - price
  - strkey
  - support/config
  - support/db
  - support/db/sqlutils
  - support/errors
  - support/http/mutil
  - support/log
  - support/render/problem
  - xdr
- name: github.com/stretchr/objx
  version: 1a9d0bb9f541897e62256577b352fdbc1fb4fd94
  repo: https://github.com/stretchr/objx
- name: github.com/stretchr/testify
  version: b91bfb9ebec76498946beb6af7c0230c7cc7ba6c
  subpackages:
  - assert
  - mock
  - require
  - suite
- name: github.com/tyler-smith/go-bip32
  version: 2c9cfd17756470a0b7c3e4b7954bae7d11035504
- name: golang.org/x/crypto
  version: 13931e22f9e72ea58bb73048bc752b48c6d4d4ac
  subpackages:
  - ripemd160
  - ssh/terminal
- name: golang.org/x/net
  version: 9bc2a3340c92c17a20edcd0080e93851ed58f5d5
  subpackages:
  - context
  - websocket
- name: golang.org/x/sys
  version: fff93fa7cd278d84afc205751523809c464168ab
  subpackages:
  - unix
  - windows
- name: gopkg.in/fatih/set.v0
  version: 27c40922c40b43fe04554d8223a402af3ea333f3
- name: gopkg.in/gorp.v1
  version: c87af80f3cc5036b55b83d77171e156791085e2e
  repo: https://gopkg.in/gorp.v1
- name: gopkg.in/karalabe/cookiejar.v2
  version: 8dcd6a7f4951f6ff3ee9cbb919a06d8925822e57
  subpackages:
  - collections/prque
- name: gopkg.in/natefinch/npipe.v2
  version: c1b8fa8bdccecb0b8db834ee0b92fdbcfa606dd6
testImports: []
